# THIS IS AN AUTOGENERATED FILE. DO NOT EDIT THIS FILE DIRECTLY.
# yarn lockfile v1


"@babel/runtime@^7.13.9", "@babel/runtime@^7.14.0", "@babel/runtime@^7.14.5":
  version "7.14.5"
  resolved "https://registry.nlark.com/@babel/runtime/download/@babel/runtime-7.14.5.tgz?cache=0&sync_timestamp=1623280301098&other_urls=https%3A%2F%2Fregistry.nlark.com%2F%40babel%2Fruntime%2Fdownload%2F%40babel%2Fruntime-7.14.5.tgz#665450911c6031af38f81db530f387ec04cd9a98"
  integrity sha1-ZlRQkRxgMa84+B21MPOH7ATNmpg=
  dependencies:
    regenerator-runtime "^0.13.4"

"@polkadot/api-derive@4.13.1":
  version "4.13.1"
  resolved "https://registry.nlark.com/@polkadot/api-derive/download/@polkadot/api-derive-4.13.1.tgz#efa2b1c1c30ac258871724cbdb6395f10f9b5622"
  integrity sha1-76KxwcMKwliHFyTL22OV8Q+bViI=
  dependencies:
    "@babel/runtime" "^7.14.0"
    "@polkadot/api" "4.13.1"
    "@polkadot/rpc-core" "4.13.1"
    "@polkadot/types" "4.13.1"
    "@polkadot/util" "^6.7.1"
    "@polkadot/util-crypto" "^6.7.1"
    "@polkadot/x-rxjs" "^6.7.1"
    bn.js "^4.11.9"

"@polkadot/api@4.13.1", "@polkadot/api@^4.13.1":
  version "4.13.1"
  resolved "https://registry.nlark.com/@polkadot/api/download/@polkadot/api-4.13.1.tgz#0cde3533dd3e8a78cf5fab9e71c3c58c96b6bc3d"
  integrity sha1-DN41M90+injPX6ueccPFjJa2vD0=
  dependencies:
    "@babel/runtime" "^7.14.0"
    "@polkadot/api-derive" "4.13.1"
    "@polkadot/keyring" "^6.7.1"
    "@polkadot/metadata" "4.13.1"
    "@polkadot/rpc-core" "4.13.1"
    "@polkadot/rpc-provider" "4.13.1"
    "@polkadot/types" "4.13.1"
    "@polkadot/types-known" "4.13.1"
    "@polkadot/util" "^6.7.1"
    "@polkadot/util-crypto" "^6.7.1"
    "@polkadot/x-rxjs" "^6.7.1"
    bn.js "^4.11.9"
    eventemitter3 "^4.0.7"

"@polkadot/keyring@^6.7.1":
  version "6.8.1"
  resolved "https://registry.nlark.com/@polkadot/keyring/download/@polkadot/keyring-6.8.1.tgz#8f81a1eb2418ac65b3bd8cefb90c913a5be792cb"
  integrity sha1-j4Gh6yQYrGWzvYzvuQyROlvnkss=
  dependencies:
    "@babel/runtime" "^7.14.5"
    "@polkadot/util" "6.8.1"
    "@polkadot/util-crypto" "6.8.1"

"@polkadot/metadata@4.13.1":
  version "4.13.1"
  resolved "https://registry.nlark.com/@polkadot/metadata/download/@polkadot/metadata-4.13.1.tgz#9497e889fbfcd487c7fe39d99e72f529f6ce6dfe"
  integrity sha1-lJfoifv81IfH/jnZnnL1KfbObf4=
  dependencies:
    "@babel/runtime" "^7.14.0"
    "@polkadot/types" "4.13.1"
    "@polkadot/types-known" "4.13.1"
    "@polkadot/util" "^6.7.1"
    "@polkadot/util-crypto" "^6.7.1"
    bn.js "^4.11.9"

"@polkadot/networks@6.8.1", "@polkadot/networks@^6.7.1":
  version "6.8.1"
  resolved "https://registry.nlark.com/@polkadot/networks/download/@polkadot/networks-6.8.1.tgz#3f8b4d77cf5543e49706c218b21086505deb5ba5"
  integrity sha1-P4tNd89VQ+SXBsIYshCGUF3rW6U=
  dependencies:
    "@babel/runtime" "^7.14.5"

"@polkadot/rpc-core@4.13.1":
  version "4.13.1"
  resolved "https://registry.nlark.com/@polkadot/rpc-core/download/@polkadot/rpc-core-4.13.1.tgz#afe9138684d6c4c86e22b54942b5551f2edd3719"
  integrity sha1-r+kThoTWxMhuIrVJQrVVHy7dNxk=
  dependencies:
    "@babel/runtime" "^7.14.0"
    "@polkadot/metadata" "4.13.1"
    "@polkadot/rpc-provider" "4.13.1"
    "@polkadot/types" "4.13.1"
    "@polkadot/util" "^6.7.1"
    "@polkadot/x-rxjs" "^6.7.1"

"@polkadot/rpc-provider@4.13.1":
  version "4.13.1"
  resolved "https://registry.nlark.com/@polkadot/rpc-provider/download/@polkadot/rpc-provider-4.13.1.tgz#596b8d9f6bd53ec947d463d8eaae78d9a0cc41f6"
  integrity sha1-WWuNn2vVPslH1GPY6q542aDMQfY=
  dependencies:
    "@babel/runtime" "^7.14.0"
    "@polkadot/types" "4.13.1"
    "@polkadot/util" "^6.7.1"
    "@polkadot/util-crypto" "^6.7.1"
    "@polkadot/x-fetch" "^6.7.1"
    "@polkadot/x-global" "^6.7.1"
    "@polkadot/x-ws" "^6.7.1"
    bn.js "^4.11.9"
    eventemitter3 "^4.0.7"

"@polkadot/types-known@4.13.1":
  version "4.13.1"
  resolved "https://registry.nlark.com/@polkadot/types-known/download/@polkadot/types-known-4.13.1.tgz#d26bf658e5437258df6c7865757fc1685fd5de99"
  integrity sha1-0mv2WOVDcljfbHhldX/BaF/V3pk=
  dependencies:
    "@babel/runtime" "^7.14.0"
    "@polkadot/networks" "^6.7.1"
    "@polkadot/types" "4.13.1"
    "@polkadot/util" "^6.7.1"
    bn.js "^4.11.9"

"@polkadot/types@4.13.1":
  version "4.13.1"
  resolved "https://registry.nlark.com/@polkadot/types/download/@polkadot/types-4.13.1.tgz#9e1a7996438deaab02814c134a4740a06667f5ed"
  integrity sha1-nhp5lkON6qsCgUwTSkdAoGZn9e0=
  dependencies:
    "@babel/runtime" "^7.14.0"
    "@polkadot/metadata" "4.13.1"
    "@polkadot/util" "^6.7.1"
    "@polkadot/util-crypto" "^6.7.1"
    "@polkadot/x-rxjs" "^6.7.1"
    "@types/bn.js" "^4.11.6"
    bn.js "^4.11.9"

"@polkadot/util-crypto@6.8.1", "@polkadot/util-crypto@^6.7.1":
  version "6.8.1"
  resolved "https://registry.nlark.com/@polkadot/util-crypto/download/@polkadot/util-crypto-6.8.1.tgz#8983ab50c8d9bf0b799503c91fd9b8f13e3544c1"
  integrity sha1-iYOrUMjZvwt5lQPJH9m48T41RME=
  dependencies:
    "@babel/runtime" "^7.14.5"
    "@polkadot/networks" "6.8.1"
    "@polkadot/util" "6.8.1"
    "@polkadot/wasm-crypto" "^4.0.2"
    "@polkadot/x-randomvalues" "6.8.1"
    base-x "^3.0.8"
    base64-js "^1.5.1"
    blakejs "^1.1.0"
    bn.js "^4.11.9"
    create-hash "^1.2.0"
    elliptic "^6.5.4"
    hash.js "^1.1.7"
    js-sha3 "^0.8.0"
    scryptsy "^2.1.0"
    tweetnacl "^1.0.3"
    xxhashjs "^0.2.2"

"@polkadot/util@6.8.1", "@polkadot/util@^6.7.1":
  version "6.8.1"
  resolved "https://registry.nlark.com/@polkadot/util/download/@polkadot/util-6.8.1.tgz#263fb6741a43471d48a4627b5698b7686a614e34"
  integrity sha1-Jj+2dBpDRx1IpGJ7Vpi3aGphTjQ=
  dependencies:
    "@babel/runtime" "^7.14.5"
    "@polkadot/x-textdecoder" "6.8.1"
    "@polkadot/x-textencoder" "6.8.1"
    "@types/bn.js" "^4.11.6"
    bn.js "^4.11.9"
    camelcase "^5.3.1"
    ip-regex "^4.3.0"

"@polkadot/wasm-crypto-asmjs@^4.0.2":
  version "4.0.2"
  resolved "https://registry.nlark.com/@polkadot/wasm-crypto-asmjs/download/@polkadot/wasm-crypto-asmjs-4.0.2.tgz#f42c353a64e1243841daf90e4bd54eff01a4e3cf"
  integrity sha1-9Cw1OmThJDhB2vkOS9VO/wGk488=
  dependencies:
    "@babel/runtime" "^7.13.9"

"@polkadot/wasm-crypto-wasm@^4.0.2":
  version "4.0.2"
  resolved "https://registry.nlark.com/@polkadot/wasm-crypto-wasm/download/@polkadot/wasm-crypto-wasm-4.0.2.tgz#89f9e0a1e4d076784d4a42bea37fc8b06bdd8bb6"
  integrity sha1-ifngoeTQdnhNSkK+o3/IsGvdi7Y=
  dependencies:
    "@babel/runtime" "^7.13.9"

"@polkadot/wasm-crypto@^4.0.2":
  version "4.0.2"
  resolved "https://registry.nlark.com/@polkadot/wasm-crypto/download/@polkadot/wasm-crypto-4.0.2.tgz#9649057adee8383cc86433d107ba526b718c5a3b"
  integrity sha1-lkkFet7oODzIZDPRB7pSa3GMWjs=
  dependencies:
    "@babel/runtime" "^7.13.9"
    "@polkadot/wasm-crypto-asmjs" "^4.0.2"
    "@polkadot/wasm-crypto-wasm" "^4.0.2"

"@polkadot/x-fetch@^6.7.1":
  version "6.8.1"
  resolved "https://registry.nlark.com/@polkadot/x-fetch/download/@polkadot/x-fetch-6.8.1.tgz#41850e7301ec96971ce6b8796bfde6062f2bb8af"
  integrity sha1-QYUOcwHslpcc5rh5a/3mBi8ruK8=
  dependencies:
    "@babel/runtime" "^7.14.5"
    "@polkadot/x-global" "6.8.1"
    "@types/node-fetch" "^2.5.10"
    node-fetch "^2.6.1"

"@polkadot/x-global@6.8.1", "@polkadot/x-global@^6.7.1":
  version "6.8.1"
  resolved "https://registry.nlark.com/@polkadot/x-global/download/@polkadot/x-global-6.8.1.tgz#1c126de8f03cd1eea88224d14fa9171308805c4e"
  integrity sha1-HBJt6PA80e6ogiTRT6kXEwiAXE4=
  dependencies:
    "@babel/runtime" "^7.14.5"
    "@types/node-fetch" "^2.5.10"
    node-fetch "^2.6.1"

"@polkadot/x-randomvalues@6.8.1":
  version "6.8.1"
  resolved "https://registry.nlark.com/@polkadot/x-randomvalues/download/@polkadot/x-randomvalues-6.8.1.tgz#f086917d4860e8a090e94ca4225934bc18a9bf61"
  integrity sha1-8IaRfUhg6KCQ6UykIlk0vBipv2E=
  dependencies:
    "@babel/runtime" "^7.14.5"
    "@polkadot/x-global" "6.8.1"

"@polkadot/x-rxjs@^6.7.1":
  version "6.8.1"
  resolved "https://registry.nlark.com/@polkadot/x-rxjs/download/@polkadot/x-rxjs-6.8.1.tgz#73255daab02ffad1cfde6678e63cc1e756573cc6"
  integrity sha1-cyVdqrAv+tHP3mZ45jzB51ZXPMY=
  dependencies:
    "@babel/runtime" "^7.14.5"
    rxjs "^6.6.7"

"@polkadot/x-textdecoder@6.8.1":
  version "6.8.1"
  resolved "https://registry.nlark.com/@polkadot/x-textdecoder/download/@polkadot/x-textdecoder-6.8.1.tgz#3660338a849692006a58650781db004136a1160c"
  integrity sha1-NmAzioSWkgBqWGUHgdsAQTahFgw=
  dependencies:
    "@babel/runtime" "^7.14.5"
    "@polkadot/x-global" "6.8.1"

"@polkadot/x-textencoder@6.8.1":
  version "6.8.1"
  resolved "https://registry.nlark.com/@polkadot/x-textencoder/download/@polkadot/x-textencoder-6.8.1.tgz#c71459b6cd417620b5f3a41480d45c71dca44723"
  integrity sha1-xxRZts1BdiC186QUgNRccdykRyM=
  dependencies:
    "@babel/runtime" "^7.14.5"
    "@polkadot/x-global" "6.8.1"

"@polkadot/x-ws@^6.7.1":
  version "6.8.1"
  resolved "https://registry.nlark.com/@polkadot/x-ws/download/@polkadot/x-ws-6.8.1.tgz#2f2e4dc2e8fb3870d4dbdc8952b65dcccd764548"
  integrity sha1-Ly5Nwuj7OHDU29yJUrZdzM12RUg=
  dependencies:
    "@babel/runtime" "^7.14.5"
    "@polkadot/x-global" "6.8.1"
    "@types/websocket" "^1.0.2"
    websocket "^1.0.34"

"@types/bn.js@^4.11.6":
  version "4.11.6"
  resolved "https://registry.nlark.com/@types/bn.js/download/@types/bn.js-4.11.6.tgz#c306c70d9358aaea33cd4eda092a742b9505967c"
  integrity sha1-wwbHDZNYquozzU7aCSp0K5UFlnw=
  dependencies:
    "@types/node" "*"

"@types/bson@*":
  version "4.0.3"
  resolved "https://registry.nlark.com/@types/bson/download/@types/bson-4.0.3.tgz?cache=0&sync_timestamp=1621240731917&other_urls=https%3A%2F%2Fregistry.nlark.com%2F%40types%2Fbson%2Fdownload%2F%40types%2Fbson-4.0.3.tgz#30889d2ffde6262abbe38659364c631454999fbf"
  integrity sha1-MIidL/3mJiq744ZZNkxjFFSZn78=
  dependencies:
    "@types/node" "*"

"@types/mongodb@^3.6.18":
  version "3.6.18"
  resolved "https://registry.nlark.com/@types/mongodb/download/@types/mongodb-3.6.18.tgz#7524c462fc7e3b67892afda8211cd045edee65eb"
  integrity sha1-dSTEYvx+O2eJKv2oIRzQRe3uZes=
  dependencies:
    "@types/bson" "*"
    "@types/node" "*"

"@types/node-fetch@^2.5.10":
  version "2.5.10"
  resolved "https://registry.nlark.com/@types/node-fetch/download/@types/node-fetch-2.5.10.tgz?cache=0&sync_timestamp=1621241982775&other_urls=https%3A%2F%2Fregistry.nlark.com%2F%40types%2Fnode-fetch%2Fdownload%2F%40types%2Fnode-fetch-2.5.10.tgz#9b4d4a0425562f9fcea70b12cb3fcdd946ca8132"
  integrity sha1-m01KBCVWL5/OpwsSyz/N2UbKgTI=
  dependencies:
    "@types/node" "*"
    form-data "^3.0.0"

"@types/node@*":
  version "15.12.2"
  resolved "https://registry.nlark.com/@types/node/download/@types/node-15.12.2.tgz#1f2b42c4be7156ff4a6f914b2fb03d05fa84e38d"
  integrity sha1-HytCxL5xVv9Kb5FLL7A9BfqE440=

"@types/websocket@^1.0.2":
  version "1.0.2"
  resolved "https://registry.nlark.com/@types/websocket/download/@types/websocket-1.0.2.tgz?cache=0&sync_timestamp=1621244215023&other_urls=https%3A%2F%2Fregistry.nlark.com%2F%40types%2Fwebsocket%2Fdownload%2F%40types%2Fwebsocket-1.0.2.tgz#d2855c6a312b7da73ed16ba6781815bf30c6187a"
  integrity sha1-0oVcajErfac+0WumeBgVvzDGGHo=
  dependencies:
    "@types/node" "*"

asynckit@^0.4.0:
  version "0.4.0"
  resolved "https://registry.nlark.com/asynckit/download/asynckit-0.4.0.tgz#c79ed97f7f34cb8f2ba1bc9790bcc366474b4b79"
  integrity sha1-x57Zf380y48robyXkLzDZkdLS3k=

base-x@^3.0.8:
  version "3.0.8"
  resolved "https://registry.npm.taobao.org/base-x/download/base-x-3.0.8.tgz#1e1106c2537f0162e8b52474a557ebb09000018d"
  integrity sha1-HhEGwlN/AWLotSR0pVfrsJAAAY0=
  dependencies:
    safe-buffer "^5.0.1"

base64-js@^1.5.1:
  version "1.5.1"
  resolved "https://registry.npm.taobao.org/base64-js/download/base64-js-1.5.1.tgz?cache=0&sync_timestamp=1605123700994&other_urls=https%3A%2F%2Fregistry.npm.taobao.org%2Fbase64-js%2Fdownload%2Fbase64-js-1.5.1.tgz#1b1b440160a5bf7ad40b650f095963481903930a"
  integrity sha1-GxtEAWClv3rUC2UPCVljSBkDkwo=

bl@^2.2.1:
  version "2.2.1"
  resolved "https://registry.nlark.com/bl/download/bl-2.2.1.tgz#8c11a7b730655c5d56898cdc871224f40fd901d5"
  integrity sha1-jBGntzBlXF1WiYzchxIk9A/ZAdU=
  dependencies:
    readable-stream "^2.3.5"
    safe-buffer "^5.1.1"

blakejs@^1.1.0:
  version "1.1.0"
  resolved "https://registry.npm.taobao.org/blakejs/download/blakejs-1.1.0.tgz#69df92ef953aa88ca51a32df6ab1c54a155fc7a5"
  integrity sha1-ad+S75U6qIylGjLfarHFShVfx6U=

bn.js@^4.11.9:
  version "4.12.0"
  resolved "https://registry.npm.taobao.org/bn.js/download/bn.js-4.12.0.tgz#775b3f278efbb9718eec7361f483fb36fbbfea88"
  integrity sha1-d1s/J477uXGO7HNh9IP7Nvu/6og=

brorand@^1.1.0:
  version "1.1.0"
  resolved "https://registry.nlark.com/brorand/download/brorand-1.1.0.tgz#12c25efe40a45e3c323eb8675a0a0ce57b22371f"
  integrity sha1-EsJe/kCkXjwyPrhnWgoM5XsiNx8=

bson@^1.1.4:
  version "1.1.6"
  resolved "https://registry.nlark.com/bson/download/bson-1.1.6.tgz#fb819be9a60cd677e0853aee4ca712a785d6618a"
  integrity sha1-+4Gb6aYM1nfghTruTKcSp4XWYYo=

bufferutil@^4.0.1:
  version "4.0.3"
  resolved "https://registry.npm.taobao.org/bufferutil/download/bufferutil-4.0.3.tgz#66724b756bed23cd7c28c4d306d7994f9943cc6b"
  integrity sha1-ZnJLdWvtI818KMTTBteZT5lDzGs=
  dependencies:
    node-gyp-build "^4.2.0"

camelcase@^5.3.1:
  version "5.3.1"
  resolved "https://registry.nlark.com/camelcase/download/camelcase-5.3.1.tgz#e3c9b31569e106811df242f715725a1f4c494320"
  integrity sha1-48mzFWnhBoEd8kL3FXJaH0xJQyA=

cipher-base@^1.0.1:
  version "1.0.4"
  resolved "https://registry.npm.taobao.org/cipher-base/download/cipher-base-1.0.4.tgz#8760e4ecc272f4c363532f926d874aae2c1397de"
  integrity sha1-h2Dk7MJy9MNjUy+SbYdKriwTl94=
  dependencies:
    inherits "^2.0.1"
    safe-buffer "^5.0.1"

combined-stream@^1.0.8:
  version "1.0.8"
  resolved "https://registry.nlark.com/combined-stream/download/combined-stream-1.0.8.tgz#c3d45a8b34fd730631a110a8a2520682b31d5a7f"
  integrity sha1-w9RaizT9cwYxoRCoolIGgrMdWn8=
  dependencies:
    delayed-stream "~1.0.0"

core-util-is@~1.0.0:
  version "1.0.2"
  resolved "https://registry.nlark.com/core-util-is/download/core-util-is-1.0.2.tgz#b5fd54220aa2bc5ab57aab7140c940754503c1a7"
  integrity sha1-tf1UIgqivFq1eqtxQMlAdUUDwac=

create-hash@^1.2.0:
  version "1.2.0"
  resolved "https://registry.nlark.com/create-hash/download/create-hash-1.2.0.tgz#889078af11a63756bcfb59bd221996be3a9ef196"
  integrity sha1-iJB4rxGmN1a8+1m9IhmWvjqe8ZY=
  dependencies:
    cipher-base "^1.0.1"
    inherits "^2.0.1"
    md5.js "^1.3.4"
    ripemd160 "^2.0.1"
    sha.js "^2.4.0"

cuint@^0.2.2:
  version "0.2.2"
  resolved "https://registry.npm.taobao.org/cuint/download/cuint-0.2.2.tgz#408086d409550c2631155619e9fa7bcadc3b991b"
  integrity sha1-QICG1AlVDCYxFVYZ6fp7ytw7mRs=

d@1, d@^1.0.1:
  version "1.0.1"
  resolved "https://registry.nlark.com/d/download/d-1.0.1.tgz#8698095372d58dbee346ffd0c7093f99f8f9eb5a"
  integrity sha1-hpgJU3LVjb7jRv/Qxwk/mfj561o=
  dependencies:
    es5-ext "^0.10.50"
    type "^1.0.1"

debug@^2.2.0:
  version "2.6.9"
  resolved "https://registry.npm.taobao.org/debug/download/debug-2.6.9.tgz?cache=0&sync_timestamp=1607566571506&other_urls=https%3A%2F%2Fregistry.npm.taobao.org%2Fdebug%2Fdownload%2Fdebug-2.6.9.tgz#5d128515df134ff327e90a4c93f4e077a536341f"
  integrity sha1-XRKFFd8TT/Mn6QpMk/Tgd6U2NB8=
  dependencies:
    ms "2.0.0"

delayed-stream@~1.0.0:
  version "1.0.0"
  resolved "https://registry.npm.taobao.org/delayed-stream/download/delayed-stream-1.0.0.tgz#df3ae199acadfb7d440aaae0b29e2272b24ec619"
  integrity sha1-3zrhmayt+31ECqrgsp4icrJOxhk=

denque@^1.4.1:
  version "1.5.0"
  resolved "https://registry.npm.taobao.org/denque/download/denque-1.5.0.tgz#773de0686ff2d8ec2ff92914316a47b73b1c73de"
  integrity sha1-dz3gaG/y2Owv+SkUMWpHtzscc94=

elliptic@^6.5.4:
  version "6.5.4"
  resolved "https://registry.nlark.com/elliptic/download/elliptic-6.5.4.tgz#da37cebd31e79a1367e941b592ed1fbebd58abbb"
  integrity sha1-2jfOvTHnmhNn6UG1ku0fvr1Yq7s=
  dependencies:
    bn.js "^4.11.9"
    brorand "^1.1.0"
    hash.js "^1.0.0"
    hmac-drbg "^1.0.1"
    inherits "^2.0.4"
    minimalistic-assert "^1.0.1"
    minimalistic-crypto-utils "^1.0.1"

es5-ext@^0.10.35, es5-ext@^0.10.50:
  version "0.10.53"
  resolved "https://registry.npm.taobao.org/es5-ext/download/es5-ext-0.10.53.tgz#93c5a3acfdbef275220ad72644ad02ee18368de1"
  integrity sha1-k8WjrP2+8nUiCtcmRK0C7hg2jeE=
  dependencies:
    es6-iterator "~2.0.3"
    es6-symbol "~3.1.3"
    next-tick "~1.0.0"

es6-iterator@~2.0.3:
  version "2.0.3"
  resolved "https://registry.npm.taobao.org/es6-iterator/download/es6-iterator-2.0.3.tgz#a7de889141a05a94b0854403b2d0a0fbfa98f3b7"
  integrity sha1-p96IkUGgWpSwhUQDstCg+/qY87c=
  dependencies:
    d "1"
    es5-ext "^0.10.35"
    es6-symbol "^3.1.1"

es6-symbol@^3.1.1, es6-symbol@~3.1.3:
  version "3.1.3"
  resolved "https://registry.nlark.com/es6-symbol/download/es6-symbol-3.1.3.tgz#bad5d3c1bcdac28269f4cb331e431c78ac705d18"
  integrity sha1-utXTwbzawoJp9MszHkMceKxwXRg=
  dependencies:
    d "^1.0.1"
    ext "^1.1.2"

eventemitter3@^4.0.7:
  version "4.0.7"
  resolved "https://registry.npm.taobao.org/eventemitter3/download/eventemitter3-4.0.7.tgz?cache=0&sync_timestamp=1598517819668&other_urls=https%3A%2F%2Fregistry.npm.taobao.org%2Feventemitter3%2Fdownload%2Feventemitter3-4.0.7.tgz#2de9b68f6528d5644ef5c59526a1b4a07306169f"
  integrity sha1-Lem2j2Uo1WRO9cWVJqG0oHMGFp8=

ext@^1.1.2:
  version "1.4.0"
  resolved "https://registry.nlark.com/ext/download/ext-1.4.0.tgz#89ae7a07158f79d35517882904324077e4379244"
  integrity sha1-ia56BxWPedNVF4gpBDJAd+Q3kkQ=
  dependencies:
    type "^2.0.0"

form-data@^3.0.0:
  version "3.0.1"
  resolved "https://registry.npm.taobao.org/form-data/download/form-data-3.0.1.tgz?cache=0&sync_timestamp=1613410812604&other_urls=https%3A%2F%2Fregistry.npm.taobao.org%2Fform-data%2Fdownload%2Fform-data-3.0.1.tgz#ebd53791b78356a99af9a300d4282c4d5eb9755f"
  integrity sha1-69U3kbeDVqma+aMA1CgsTV65dV8=
  dependencies:
    asynckit "^0.4.0"
    combined-stream "^1.0.8"
    mime-types "^2.1.12"

hash-base@^3.0.0:
  version "3.1.0"
  resolved "https://registry.npm.taobao.org/hash-base/download/hash-base-3.1.0.tgz#55c381d9e06e1d2997a883b4a3fddfe7f0d3af33"
  integrity sha1-VcOB2eBuHSmXqIO0o/3f5/DTrzM=
  dependencies:
    inherits "^2.0.4"
    readable-stream "^3.6.0"
    safe-buffer "^5.2.0"

hash.js@^1.0.0, hash.js@^1.0.3, hash.js@^1.1.7:
  version "1.1.7"
  resolved "https://registry.nlark.com/hash.js/download/hash.js-1.1.7.tgz#0babca538e8d4ee4a0f8988d68866537a003cf42"
  integrity sha1-C6vKU46NTuSg+JiNaIZlN6ADz0I=
  dependencies:
    inherits "^2.0.3"
    minimalistic-assert "^1.0.1"

hmac-drbg@^1.0.1:
  version "1.0.1"
  resolved "https://registry.npm.taobao.org/hmac-drbg/download/hmac-drbg-1.0.1.tgz#d2745701025a6c775a6c545793ed502fc0c649a1"
  integrity sha1-0nRXAQJabHdabFRXk+1QL8DGSaE=
  dependencies:
    hash.js "^1.0.3"
    minimalistic-assert "^1.0.0"
    minimalistic-crypto-utils "^1.0.1"

inherits@^2.0.1, inherits@^2.0.3, inherits@^2.0.4, inherits@~2.0.3:
  version "2.0.4"
  resolved "https://registry.npm.taobao.org/inherits/download/inherits-2.0.4.tgz#0fa2c64f932917c3433a0ded55363aae37416b7c"
  integrity sha1-D6LGT5MpF8NDOg3tVTY6rjdBa3w=

ip-regex@^4.3.0:
  version "4.3.0"
  resolved "https://registry.nlark.com/ip-regex/download/ip-regex-4.3.0.tgz#687275ab0f57fa76978ff8f4dddc8a23d5990db5"
  integrity sha1-aHJ1qw9X+naXj/j03dyKI9WZDbU=

is-typedarray@^1.0.0:
  version "1.0.0"
  resolved "https://registry.nlark.com/is-typedarray/download/is-typedarray-1.0.0.tgz#e479c80858df0c1b11ddda6940f96011fcda4a9a"
  integrity sha1-5HnICFjfDBsR3dppQPlgEfzaSpo=

isarray@~1.0.0:
  version "1.0.0"
  resolved "https://registry.npm.taobao.org/isarray/download/isarray-1.0.0.tgz#bb935d48582cba168c06834957a54a3e07124f11"
  integrity sha1-u5NdSFgsuhaMBoNJV6VKPgcSTxE=

js-sha3@^0.8.0:
  version "0.8.0"
  resolved "https://registry.npm.taobao.org/js-sha3/download/js-sha3-0.8.0.tgz#b9b7a5da73afad7dedd0f8c463954cbde6818840"
  integrity sha1-ubel2nOvrX3t0PjEY5VMveaBiEA=

md5.js@^1.3.4:
  version "1.3.5"
  resolved "https://registry.npm.taobao.org/md5.js/download/md5.js-1.3.5.tgz#b5d07b8e3216e3e27cd728d72f70d1e6a342005f"
  integrity sha1-tdB7jjIW4+J81yjXL3DR5qNCAF8=
  dependencies:
    hash-base "^3.0.0"
    inherits "^2.0.1"
    safe-buffer "^5.1.2"

memory-pager@^1.0.2:
  version "1.5.0"
  resolved "https://registry.npm.taobao.org/memory-pager/download/memory-pager-1.5.0.tgz#d8751655d22d384682741c972f2c3d6dfa3e66b5"
  integrity sha1-2HUWVdItOEaCdByXLyw9bfo+ZrU=

mime-db@1.48.0:
  version "1.48.0"
  resolved "https://registry.nlark.com/mime-db/download/mime-db-1.48.0.tgz?cache=0&sync_timestamp=1622433556078&other_urls=https%3A%2F%2Fregistry.nlark.com%2Fmime-db%2Fdownload%2Fmime-db-1.48.0.tgz#e35b31045dd7eada3aaad537ed88a33afbef2d1d"
  integrity sha1-41sxBF3X6to6qtU37YijOvvvLR0=

mime-types@^2.1.12:
  version "2.1.31"
  resolved "https://registry.nlark.com/mime-types/download/mime-types-2.1.31.tgz?cache=0&sync_timestamp=1622569162264&other_urls=https%3A%2F%2Fregistry.nlark.com%2Fmime-types%2Fdownload%2Fmime-types-2.1.31.tgz#a00d76b74317c61f9c2db2218b8e9f8e9c5c9e6b"
  integrity sha1-oA12t0MXxh+cLbIhi46fjpxcnms=
  dependencies:
    mime-db "1.48.0"

minimalistic-assert@^1.0.0, minimalistic-assert@^1.0.1:
  version "1.0.1"
  resolved "https://registry.npm.taobao.org/minimalistic-assert/download/minimalistic-assert-1.0.1.tgz#2e194de044626d4a10e7f7fbc00ce73e83e4d5c7"
  integrity sha1-LhlN4ERibUoQ5/f7wAznPoPk1cc=

minimalistic-crypto-utils@^1.0.1:
  version "1.0.1"
  resolved "https://registry.nlark.com/minimalistic-crypto-utils/download/minimalistic-crypto-utils-1.0.1.tgz#f6c00c1c0b082246e5c4d99dfb8c7c083b2b582a"
  integrity sha1-9sAMHAsIIkblxNmd+4x8CDsrWCo=

mongodb@^3.6.9:
  version "3.6.9"
  resolved "https://registry.nlark.com/mongodb/download/mongodb-3.6.9.tgz#4889cf529724267d393a18275d6cf19d71905b1d"
  integrity sha1-SInPUpckJn05OhgnXWzxnXGQWx0=
  dependencies:
    bl "^2.2.1"
    bson "^1.1.4"
    denque "^1.4.1"
    optional-require "^1.0.3"
    safe-buffer "^5.1.2"
  optionalDependencies:
    saslprep "^1.0.0"

ms@2.0.0:
  version "2.0.0"
  resolved "https://registry.npm.taobao.org/ms/download/ms-2.0.0.tgz?cache=0&sync_timestamp=1607433872491&other_urls=https%3A%2F%2Fregistry.npm.taobao.org%2Fms%2Fdownload%2Fms-2.0.0.tgz#5608aeadfc00be6c2901df5f9861788de0d597c8"
  integrity sha1-VgiurfwAvmwpAd9fmGF4jeDVl8g=

next-tick@~1.0.0:
  version "1.0.0"
  resolved "https://registry.npm.taobao.org/next-tick/download/next-tick-1.0.0.tgz#ca86d1fe8828169b0120208e3dc8424b9db8342c"
  integrity sha1-yobR/ogoFpsBICCOPchCS524NCw=

node-fetch@^2.6.1:
  version "2.6.1"
  resolved "https://registry.npm.taobao.org/node-fetch/download/node-fetch-2.6.1.tgz?cache=0&sync_timestamp=1599309667528&other_urls=https%3A%2F%2Fregistry.npm.taobao.org%2Fnode-fetch%2Fdownload%2Fnode-fetch-2.6.1.tgz#045bd323631f76ed2e2b55573394416b639a0052"
  integrity sha1-BFvTI2Mfdu0uK1VXM5RBa2OaAFI=

node-gyp-build@^4.2.0:
  version "4.2.3"
  resolved "https://registry.npm.taobao.org/node-gyp-build/download/node-gyp-build-4.2.3.tgz?cache=0&sync_timestamp=1595241892444&other_urls=https%3A%2F%2Fregistry.npm.taobao.org%2Fnode-gyp-build%2Fdownload%2Fnode-gyp-build-4.2.3.tgz#ce6277f853835f718829efb47db20f3e4d9c4739"
  integrity sha1-zmJ3+FODX3GIKe+0fbIPPk2cRzk=

optional-require@^1.0.3:
  version "1.0.3"
  resolved "https://registry.nlark.com/optional-require/download/optional-require-1.0.3.tgz#275b8e9df1dc6a17ad155369c2422a440f89cb07"
  integrity sha1-J1uOnfHcahetFVNpwkIqRA+Jywc=

process-nextick-args@~2.0.0:
  version "2.0.1"
  resolved "https://registry.npm.taobao.org/process-nextick-args/download/process-nextick-args-2.0.1.tgz#7820d9b16120cc55ca9ae7792680ae7dba6d7fe2"
  integrity sha1-eCDZsWEgzFXKmud5JoCufbptf+I=

readable-stream@^2.3.5:
  version "2.3.7"
  resolved "https://registry.npm.taobao.org/readable-stream/download/readable-stream-2.3.7.tgz#1eca1cf711aef814c04f62252a36a62f6cb23b57"
  integrity sha1-Hsoc9xGu+BTAT2IlKjamL2yyO1c=
  dependencies:
    core-util-is "~1.0.0"
    inherits "~2.0.3"
    isarray "~1.0.0"
    process-nextick-args "~2.0.0"
    safe-buffer "~5.1.1"
    string_decoder "~1.1.1"
    util-deprecate "~1.0.1"

readable-stream@^3.6.0:
  version "3.6.0"
  resolved "https://registry.npm.taobao.org/readable-stream/download/readable-stream-3.6.0.tgz#337bbda3adc0706bd3e024426a286d4b4b2c9198"
  integrity sha1-M3u9o63AcGvT4CRCaihtS0sskZg=
  dependencies:
    inherits "^2.0.3"
    string_decoder "^1.1.1"
    util-deprecate "^1.0.1"

regenerator-runtime@^0.13.4:
  version "0.13.7"
  resolved "https://registry.nlark.com/regenerator-runtime/download/regenerator-runtime-0.13.7.tgz#cac2dacc8a1ea675feaabaeb8ae833898ae46f55"
  integrity sha1-ysLazIoepnX+qrrriugziYrkb1U=

ripemd160@^2.0.1:
  version "2.0.2"
  resolved "https://registry.nlark.com/ripemd160/download/ripemd160-2.0.2.tgz#a1c1a6f624751577ba5d07914cbc92850585890c"
  integrity sha1-ocGm9iR1FXe6XQeRTLyShQWFiQw=
  dependencies:
    hash-base "^3.0.0"
    inherits "^2.0.1"

rxjs@^6.6.7:
  version "6.6.7"
  resolved "https://registry.nlark.com/rxjs/download/rxjs-6.6.7.tgz?cache=0&sync_timestamp=1621619270778&other_urls=https%3A%2F%2Fregistry.nlark.com%2Frxjs%2Fdownload%2Frxjs-6.6.7.tgz#90ac018acabf491bf65044235d5863c4dab804c9"
  integrity sha1-kKwBisq/SRv2UEQjXVhjxNq4BMk=
  dependencies:
    tslib "^1.9.0"

safe-buffer@^5.0.1, safe-buffer@^5.1.1, safe-buffer@^5.1.2, safe-buffer@^5.2.0, safe-buffer@~5.2.0:
  version "5.2.1"
  resolved "https://registry.nlark.com/safe-buffer/download/safe-buffer-5.2.1.tgz#1eaf9fa9bdb1fdd4ec75f58f9cdb4e6b7827eec6"
  integrity sha1-Hq+fqb2x/dTsdfWPnNtOa3gn7sY=

safe-buffer@~5.1.0, safe-buffer@~5.1.1:
  version "5.1.2"
  resolved "https://registry.nlark.com/safe-buffer/download/safe-buffer-5.1.2.tgz#991ec69d296e0313747d59bdfd2b745c35f8828d"
  integrity sha1-mR7GnSluAxN0fVm9/St0XDX4go0=

saslprep@^1.0.0:
  version "1.0.3"
  resolved "https://registry.nlark.com/saslprep/download/saslprep-1.0.3.tgz#4c02f946b56cf54297e347ba1093e7acac4cf226"
  integrity sha1-TAL5RrVs9UKX40e6EJPnrKxM8iY=
  dependencies:
    sparse-bitfield "^3.0.3"

scryptsy@^2.1.0:
  version "2.1.0"
  resolved "https://registry.npm.taobao.org/scryptsy/download/scryptsy-2.1.0.tgz#8d1e8d0c025b58fdd25b6fa9a0dc905ee8faa790"
  integrity sha1-jR6NDAJbWP3SW2+poNyQXuj6p5A=

sha.js@^2.4.0:
  version "2.4.11"
  resolved "https://registry.npm.taobao.org/sha.js/download/sha.js-2.4.11.tgz#37a5cf0b81ecbc6943de109ba2960d1b26584ae7"
  integrity sha1-N6XPC4HsvGlD3hCbopYNGyZYSuc=
  dependencies:
    inherits "^2.0.1"
    safe-buffer "^5.0.1"

sparse-bitfield@^3.0.3:
  version "3.0.3"
  resolved "https://registry.nlark.com/sparse-bitfield/download/sparse-bitfield-3.0.3.tgz#ff4ae6e68656056ba4b3e792ab3334d38273ca11"
  integrity sha1-/0rm5oZWBWuks+eSqzM004JzyhE=
  dependencies:
    memory-pager "^1.0.2"

string_decoder@^1.1.1:
  version "1.3.0"
  resolved "https://registry.nlark.com/string_decoder/download/string_decoder-1.3.0.tgz#42f114594a46cf1a8e30b0a84f56c78c3edac21e"
  integrity sha1-QvEUWUpGzxqOMLCoT1bHjD7awh4=
  dependencies:
    safe-buffer "~5.2.0"

string_decoder@~1.1.1:
  version "1.1.1"
  resolved "https://registry.nlark.com/string_decoder/download/string_decoder-1.1.1.tgz#9cf1611ba62685d7030ae9e4ba34149c3af03fc8"
  integrity sha1-nPFhG6YmhdcDCunkujQUnDrwP8g=
  dependencies:
    safe-buffer "~5.1.0"

tslib@^1.9.0:
  version "1.14.1"
  resolved "https://registry.nlark.com/tslib/download/tslib-1.14.1.tgz#cf2d38bdc34a134bcaf1091c41f6619e2f672d00"
  integrity sha1-zy04vcNKE0vK8QkcQfZhni9nLQA=

tweetnacl@^1.0.3:
  version "1.0.3"
  resolved "https://registry.npm.taobao.org/tweetnacl/download/tweetnacl-1.0.3.tgz#ac0af71680458d8a6378d0d0d050ab1407d35596"
  integrity sha1-rAr3FoBFjYpjeNDQ0FCrFAfTVZY=

type@^1.0.1:
  version "1.2.0"
  resolved "https://registry.npm.taobao.org/type/download/type-1.2.0.tgz#848dd7698dafa3e54a6c479e759c4bc3f18847a0"
  integrity sha1-hI3XaY2vo+VKbEeedZxLw/GIR6A=

type@^2.0.0:
  version "2.5.0"
  resolved "https://registry.npm.taobao.org/type/download/type-2.5.0.tgz#0a2e78c2e77907b252abe5f298c1b01c63f0db3d"
  integrity sha1-Ci54wud5B7JSq+XymMGwHGPw2z0=

typedarray-to-buffer@^3.1.5:
  version "3.1.5"
  resolved "https://registry.npm.taobao.org/typedarray-to-buffer/download/typedarray-to-buffer-3.1.5.tgz#a97ee7a9ff42691b9f783ff1bc5112fe3fca9080"
  integrity sha1-qX7nqf9CaRufeD/xvFES/j/KkIA=
  dependencies:
    is-typedarray "^1.0.0"

utf-8-validate@^5.0.2:
  version "5.0.5"
  resolved "https://registry.nlark.com/utf-8-validate/download/utf-8-validate-5.0.5.tgz?cache=0&sync_timestamp=1620068388313&other_urls=https%3A%2F%2Fregistry.nlark.com%2Futf-8-validate%2Fdownload%2Futf-8-validate-5.0.5.tgz#dd32c2e82c72002dc9f02eb67ba6761f43456ca1"
  integrity sha1-3TLC6CxyAC3J8C62e6Z2H0NFbKE=
  dependencies:
    node-gyp-build "^4.2.0"

util-deprecate@^1.0.1, util-deprecate@~1.0.1:
  version "1.0.2"
  resolved "https://registry.nlark.com/util-deprecate/download/util-deprecate-1.0.2.tgz#450d4dc9fa70de732762fbd2d4a28981419a0ccf"
  integrity sha1-RQ1Nyfpw3nMnYvvS1KKJgUGaDM8=

websocket@^1.0.34:
  version "1.0.34"
  resolved "https://registry.npm.taobao.org/websocket/download/websocket-1.0.34.tgz#2bdc2602c08bf2c82253b730655c0ef7dcab3111"
  integrity sha1-K9wmAsCL8sgiU7cwZVwO99yrMRE=
  dependencies:
    bufferutil "^4.0.1"
    debug "^2.2.0"
    es5-ext "^0.10.50"
    typedarray-to-buffer "^3.1.5"
    utf-8-validate "^5.0.2"
    yaeti "^0.0.6"

xxhashjs@^0.2.2:
  version "0.2.2"
  resolved "https://registry.npm.taobao.org/xxhashjs/download/xxhashjs-0.2.2.tgz#8a6251567621a1c46a5ae204da0249c7f8caa9d8"
  integrity sha1-imJRVnYhocRqWuIE2gJJx/jKqdg=
  dependencies:
    cuint "^0.2.2"

yaeti@^0.0.6:
  version "0.0.6"
  resolved "https://registry.npm.taobao.org/yaeti/download/yaeti-0.0.6.tgz#f26f484d72684cf42bedfb76970aa1608fbf9577"
  integrity sha1-8m9ITXJoTPQr7ft2lwqhYI+/lXc=
